
Microsoft Visual Studio Solution File, Format Version 12.00
# Visual Studio Version 17
VisualStudioVersion = 17.11.35219.272
MinimumVisualStudioVersion = 10.0.40219.1
Project("{FAE04EC0-301F-11D3-BF4B-00C04F79EFBC}") = "API-Core-Telegram", "API-Core-Telegram\API-Core-Telegram.csproj", "{AA4A6425-D021-4DE2-8CEC-D8BB27686CFD}"
EndProject
Project("{FAE04EC0-301F-11D3-BF4B-00C04F79EFBC}") = "API", "API\API.csproj", "{3BE08D7D-8208-4547-83AD-C358A6CF3415}"
EndProject
Global
	GlobalSection(SolutionConfigurationPlatforms) = preSolution
		Debug|Any CPU = Debug|Any CPU
		Release|Any CPU = Release|Any CPU
	EndGlobalSection
	GlobalSection(ProjectConfigurationPlatforms) = postSolution
		{AA4A6425-D021-4DE2-8CEC-D8BB27686CFD}.Debug|Any CPU.ActiveCfg = Debug|Any CPU
		{AA4A6425-D021-4DE2-8CEC-D8BB27686CFD}.Debug|Any CPU.Build.0 = Debug|Any CPU
		{AA4A6425-D021-4DE2-8CEC-D8BB27686CFD}.Release|Any CPU.ActiveCfg = Release|Any CPU
		{AA4A6425-D021-4DE2-8CEC-D8BB27686CFD}.Release|Any CPU.Build.0 = Release|Any CPU
		{3BE08D7D-8208-4547-83AD-C358A6CF3415}.Debug|Any CPU.ActiveCfg = Debug|Any CPU
		{3BE08D7D-8208-4547-83AD-C358A6CF3415}.Debug|Any CPU.Build.0 = Debug|Any CPU
		{3BE08D7D-8208-4547-83AD-C358A6CF3415}.Release|Any CPU.ActiveCfg = Release|Any CPU
		{3BE08D7D-8208-4547-83AD-C358A6CF3415}.Release|Any CPU.Build.0 = Release|Any CPU
	EndGlobalSection
	GlobalSection(SolutionProperties) = preSolution
		HideSolutionNode = FALSE
	EndGlobalSection
	GlobalSection(ExtensibilityGlobals) = postSolution
		SolutionGuid = {EF32193E-0DE4-41A3-9416-68F70BBD4C5A}
	EndGlobalSection
EndGlobal
